// !$*UTF8*$!
{
	archiveVersion = 1;
	classes = {
	};
	objectVersion = 55;
	objects = {

/* Begin PBXBuildFile section */
		C1ADF2A22775BCF2006877F3 /* AppDelegate.swift in Sources */ = {isa = PBXBuildFile; fileRef = C1ADF2A12775BCF2006877F3 /* AppDelegate.swift */; };
		C1ADF2A42775BCF2006877F3 /* SceneDelegate.swift in Sources */ = {isa = PBXBuildFile; fileRef = C1ADF2A32775BCF2006877F3 /* SceneDelegate.swift */; };
		C1ADF2A62775BCF2006877F3 /* ViewController.swift in Sources */ = {isa = PBXBuildFile; fileRef = C1ADF2A52775BCF2006877F3 /* ViewController.swift */; };
		C1ADF2A92775BCF2006877F3 /* Main.storyboard in Resources */ = {isa = PBXBuildFile; fileRef = C1ADF2A72775BCF2006877F3 /* Main.storyboard */; };
		C1ADF2AB2775BCF4006877F3 /* Assets.xcassets in Resources */ = {isa = PBXBuildFile; fileRef = C1ADF2AA2775BCF4006877F3 /* Assets.xcassets */; };
		C1ADF2AE2775BCF4006877F3 /* LaunchScreen.storyboard in Resources */ = {isa = PBXBuildFile; fileRef = C1ADF2AC2775BCF4006877F3 /* LaunchScreen.storyboard */; };
		C1ADF2B92775BCF4006877F3 /* PenGestureAppTests.swift in Sources */ = {isa = PBXBuildFile; fileRef = C1ADF2B82775BCF4006877F3 /* PenGestureAppTests.swift */; };
		C1ADF2C32775BCF4006877F3 /* PenGestureAppUITests.swift in Sources */ = {isa = PBXBuildFile; fileRef = C1ADF2C22775BCF4006877F3 /* PenGestureAppUITests.swift */; };
		C1ADF2C52775BCF4006877F3 /* PenGestureAppUITestsLaunchTests.swift in Sources */ = {isa = PBXBuildFile; fileRef = C1ADF2C42775BCF4006877F3 /* PenGestureAppUITestsLaunchTests.swift */; };
		C1ADF2D22775BDF7006877F3 /* DraggableView.swift in Sources */ = {isa = PBXBuildFile; fileRef = C1ADF2D12775BDF7006877F3 /* DraggableView.swift */; };
/* End PBXBuildFile section */

/* Begin PBXContainerItemProxy section */
		C1ADF2B52775BCF4006877F3 /* PBXContainerItemProxy */ = {
			isa = PBXContainerItemProxy;
			containerPortal = C1ADF2962775BCF2006877F3 /* Project object */;
			proxyType = 1;
			remoteGlobalIDString = C1ADF29D2775BCF2006877F3;
			remoteInfo = PenGestureApp;
		};
		C1ADF2BF2775BCF4006877F3 /* PBXContainerItemProxy */ = {
			isa = PBXContainerItemProxy;
			containerPortal = C1ADF2962775BCF2006877F3 /* Project object */;
			proxyType = 1;
			remoteGlobalIDString = C1ADF29D2775BCF2006877F3;
			remoteInfo = PenGestureApp;
		};
/* End PBXContainerItemProxy section */

/* Begin PBXFileReference section */
		C1ADF29E2775BCF2006877F3 /* PenGestureApp.app */ = {isa = PBXFileReference; explicitFileType = wrapper.application; includeInIndex = 0; path = PenGestureApp.app; sourceTree = BUILT_PRODUCTS_DIR; };
		C1ADF2A12775BCF2006877F3 /* AppDelegate.swift */ = {isa = PBXFileReference; lastKnownFileType = sourcecode.swift; path = AppDelegate.swift; sourceTree = "<group>"; };
		C1ADF2A32775BCF2006877F3 /* SceneDelegate.swift */ = {isa = PBXFileReference; lastKnownFileType = sourcecode.swift; path = SceneDelegate.swift; sourceTree = "<group>"; };
		C1ADF2A52775BCF2006877F3 /* ViewController.swift */ = {isa = PBXFileReference; lastKnownFileType = sourcecode.swift; path = ViewController.swift; sourceTree = "<group>"; };
		C1ADF2A82775BCF2006877F3 /* Base */ = {isa = PBXFileReference; lastKnownFileType = file.storyboard; name = Base; path = Base.lproj/Main.storyboard; sourceTree = "<group>"; };
		C1ADF2AA2775BCF4006877F3 /* Assets.xcassets */ = {isa = PBXFileReference; lastKnownFileType = folder.assetcatalog; path = Assets.xcassets; sourceTree = "<group>"; };
		C1ADF2AD2775BCF4006877F3 /* Base */ = {isa = PBXFileReference; lastKnownFileType = file.storyboard; name = Base; path = Base.lproj/LaunchScreen.storyboard; sourceTree = "<group>"; };
		C1ADF2AF2775BCF4006877F3 /* Info.plist */ = {isa = PBXFileReference; lastKnownFileType = text.plist.xml; path = Info.plist; sourceTree = "<group>"; };
		C1ADF2B42775BCF4006877F3 /* PenGestureAppTests.xctest */ = {isa = PBXFileReference; explicitFileType = wrapper.cfbundle; includeInIndex = 0; path = PenGestureAppTests.xctest; sourceTree = BUILT_PRODUCTS_DIR; };
		C1ADF2B82775BCF4006877F3 /* PenGestureAppTests.swift */ = {isa = PBXFileReference; lastKnownFileType = sourcecode.swift; path = PenGestureAppTests.swift; sourceTree = "<group>"; };
		C1ADF2BE2775BCF4006877F3 /* PenGestureAppUITests.xctest */ = {isa = PBXFileReference; explicitFileType = wrapper.cfbundle; includeInIndex = 0; path = PenGestureAppUITests.xctest; sourceTree = BUILT_PRODUCTS_DIR; };
		C1ADF2C22775BCF4006877F3 /* PenGestureAppUITests.swift */ = {isa = PBXFileReference; lastKnownFileType = sourcecode.swift; path = PenGestureAppUITests.swift; sourceTree = "<group>"; };
		C1ADF2C42775BCF4006877F3 /* PenGestureAppUITestsLaunchTests.swift */ = {isa = PBXFileReference; lastKnownFileType = sourcecode.swift; path = PenGestureAppUITestsLaunchTests.swift; sourceTree = "<group>"; };
		C1ADF2D12775BDF7006877F3 /* DraggableView.swift */ = {isa = PBXFileReference; lastKnownFileType = sourcecode.swift; path = DraggableView.swift; sourceTree = "<group>"; };
/* End PBXFileReference section */

/* Begin PBXFrameworksBuildPhase section */
		C1ADF29B2775BCF2006877F3 /* Frameworks */ = {
			isa = PBXFrameworksBuildPhase;
			buildActionMask = 2147483647;
			files = (
			);
			runOnlyForDeploymentPostprocessing = 0;
		};
		C1ADF2B12775BCF4006877F3 /* Frameworks */ = {
			isa = PBXFrameworksBuildPhase;
			buildActionMask = 2147483647;
			files = (
			);
			runOnlyForDeploymentPostprocessing = 0;
		};
		C1ADF2BB2775BCF4006877F3 /* Frameworks */ = {
			isa = PBXFrameworksBuildPhase;
			buildActionMask = 2147483647;
			files = (
			);
			runOnlyForDeploymentPostprocessing = 0;
		};
/* End PBXFrameworksBuildPhase section */

/* Begin PBXGroup section */
		C1ADF2952775BCF2006877F3 = {
			isa = PBXGroup;
			children = (
				C1ADF2A02775BCF2006877F3 /* PenGestureApp */,
				C1ADF2B72775BCF4006877F3 /* PenGestureAppTests */,
				C1ADF2C12775BCF4006877F3 /* PenGestureAppUITests */,
				C1ADF29F2775BCF2006877F3 /* Products */,
			);
			sourceTree = "<group>";
		};
		C1ADF29F2775BCF2006877F3 /* Products */ = {
			isa = PBXGroup;
			children = (
				C1ADF29E2775BCF2006877F3 /* PenGestureApp.app */,
				C1ADF2B42775BCF4006877F3 /* PenGestureAppTests.xctest */,
				C1ADF2BE2775BCF4006877F3 /* PenGestureAppUITests.xctest */,
			);
			name = Products;
			sourceTree = "<group>";
		};
		C1ADF2A02775BCF2006877F3 /* PenGestureApp */ = {
			isa = PBXGroup;
			children = (
				C1ADF2A12775BCF2006877F3 /* AppDelegate.swift */,
				C1ADF2A32775BCF2006877F3 /* SceneDelegate.swift */,
				C1ADF2A52775BCF2006877F3 /* ViewController.swift */,
				C1ADF2A72775BCF2006877F3 /* Main.storyboard */,
				C1ADF2AA2775BCF4006877F3 /* Assets.xcassets */,
				C1ADF2AC2775BCF4006877F3 /* LaunchScreen.storyboard */,
				C1ADF2AF2775BCF4006877F3 /* Info.plist */,
				C1ADF2D12775BDF7006877F3 /* DraggableView.swift */,
			);
			path = PenGestureApp;
			sourceTree = "<group>";
		};
		C1ADF2B72775BCF4006877F3 /* PenGestureAppTests */ = {
			isa = PBXGroup;
			children = (
				C1ADF2B82775BCF4006877F3 /* PenGestureAppTests.swift */,
			);
			path = PenGestureAppTests;
			sourceTree = "<group>";
		};
		C1ADF2C12775BCF4006877F3 /* PenGestureAppUITests */ = {
			isa = PBXGroup;
			children = (
				C1ADF2C22775BCF4006877F3 /* PenGestureAppUITests.swift */,
				C1ADF2C42775BCF4006877F3 /* PenGestureAppUITestsLaunchTests.swift */,
			);
			path = PenGestureAppUITests;
			sourceTree = "<group>";
		};
/* End PBXGroup section */

/* Begin PBXNativeTarget section */
		C1ADF29D2775BCF2006877F3 /* PenGestureApp */ = {
			isa = PBXNativeTarget;
			buildConfigurationList = C1ADF2C82775BCF4006877F3 /* Build configuration list for PBXNativeTarget "PenGestureApp" */;
			buildPhases = (
				C1ADF29A2775BCF2006877F3 /* Sources */,
				C1ADF29B2775BCF2006877F3 /* Frameworks */,
				C1ADF29C2775BCF2006877F3 /* Resources */,
			);
			buildRules = (
			);
			dependencies = (
			);
			name = PenGestureApp;
			productName = PenGestureApp;
			productReference = C1ADF29E2775BCF2006877F3 /* PenGestureApp.app */;
			productType = "com.apple.product-type.application";
		};
		C1ADF2B32775BCF4006877F3 /* PenGestureAppTests */ = {
			isa = PBXNativeTarget;
			buildConfigurationList = C1ADF2CB2775BCF4006877F3 /* Build configuration list for PBXNativeTarget "PenGestureAppTests" */;
			buildPhases = (
				C1ADF2B02775BCF4006877F3 /* Sources */,
				C1ADF2B12775BCF4006877F3 /* Frameworks */,
				C1ADF2B22775BCF4006877F3 /* Resources */,
			);
			buildRules = (
			);
			dependencies = (
				C1ADF2B62775BCF4006877F3 /* PBXTargetDependency */,
			);
			name = PenGestureAppTests;
			productName = PenGestureAppTests;
			productReference = C1ADF2B42775BCF4006877F3 /* PenGestureAppTests.xctest */;
			productType = "com.apple.product-type.bundle.unit-test";
		};
		C1ADF2BD2775BCF4006877F3 /* PenGestureAppUITests */ = {
			isa = PBXNativeTarget;
			buildConfigurationList = C1ADF2CE2775BCF4006877F3 /* Build configuration list for PBXNativeTarget "PenGestureAppUITests" */;
			buildPhases = (
				C1ADF2BA2775BCF4006877F3 /* Sources */,
				C1ADF2BB2775BCF4006877F3 /* Frameworks */,
				C1ADF2BC2775BCF4006877F3 /* Resources */,
			);
			buildRules = (
			);
			dependencies = (
				C1ADF2C02775BCF4006877F3 /* PBXTargetDependency */,
			);
			name = PenGestureAppUITests;
			productName = PenGestureAppUITests;
			productReference = C1ADF2BE2775BCF4006877F3 /* PenGestureAppUITests.xctest */;
			productType = "com.apple.product-type.bundle.ui-testing";
		};
/* End PBXNativeTarget section */

/* Begin PBXProject section */
		C1ADF2962775BCF2006877F3 /* Project object */ = {
			isa = PBXProject;
			attributes = {
				BuildIndependentTargetsInParallel = 1;
				LastSwiftUpdateCheck = 1300;
				LastUpgradeCheck = 1300;
				TargetAttributes = {
					C1ADF29D2775BCF2006877F3 = {
						CreatedOnToolsVersion = 13.0;
					};
					C1ADF2B32775BCF4006877F3 = {
						CreatedOnToolsVersion = 13.0;
						TestTargetID = C1ADF29D2775BCF2006877F3;
					};
					C1ADF2BD2775BCF4006877F3 = {
						CreatedOnToolsVersion = 13.0;
						TestTargetID = C1ADF29D2775BCF2006877F3;
					};
				};
			};
			buildConfigurationList = C1ADF2992775BCF2006877F3 /* Build configuration list for PBXProject "PenGestureApp" */;
			compatibilityVersion = "Xcode 13.0";
			developmentRegion = en;
			hasScannedForEncodings = 0;
			knownRegions = (
				en,
				Base,
			);
			mainGroup = C1ADF2952775BCF2006877F3;
			productRefGroup = C1ADF29F2775BCF2006877F3 /* Products */;
			projectDirPath = "";
			projectRoot = "";
			targets = (
				C1ADF29D2775BCF2006877F3 /* PenGestureApp */,
				C1ADF2B32775BCF4006877F3 /* PenGestureAppTests */,
				C1ADF2BD2775BCF4006877F3 /* PenGestureAppUITests */,
			);
		};
/* End PBXProject section */

/* Begin PBXResourcesBuildPhase section */
		C1ADF29C2775BCF2006877F3 /* Resources */ = {
			isa = PBXResourcesBuildPhase;
			buildActionMask = 2147483647;
			files = (
				C1ADF2AE2775BCF4006877F3 /* LaunchScreen.storyboard in Resources */,
				C1ADF2AB2775BCF4006877F3 /* Assets.xcassets in Resources */,
				C1ADF2A92775BCF2006877F3 /* Main.storyboard in Resources */,
			);
			runOnlyForDeploymentPostprocessing = 0;
		};
		C1ADF2B22775BCF4006877F3 /* Resources */ = {
			isa = PBXResourcesBuildPhase;
			buildActionMask = 2147483647;
			files = (
			);
			runOnlyForDeploymentPostprocessing = 0;
		};
		C1ADF2BC2775BCF4006877F3 /* Resources */ = {
			isa = PBXResourcesBuildPhase;
			buildActionMask = 2147483647;
			files = (
			);
			runOnlyForDeploymentPostprocessing = 0;
		};
/* End PBXResourcesBuildPhase section */

/* Begin PBXSourcesBuildPhase section */
		C1ADF29A2775BCF2006877F3 /* Sources */ = {
			isa = PBXSourcesBuildPhase;
			buildActionMask = 2147483647;
			files = (
				C1ADF2A62775BCF2006877F3 /* ViewController.swift in Sources */,
				C1ADF2A22775BCF2006877F3 /* AppDelegate.swift in Sources */,
				C1ADF2D22775BDF7006877F3 /* DraggableView.swift in Sources */,
				C1ADF2A42775BCF2006877F3 /* SceneDelegate.swift in Sources */,
			);
			runOnlyForDeploymentPostprocessing = 0;
		};
		C1ADF2B02775BCF4006877F3 /* Sources */ = {
			isa = PBXSourcesBuildPhase;
			buildActionMask = 2147483647;
			files = (
				C1ADF2B92775BCF4006877F3 /* PenGestureAppTests.swift in Sources */,
			);
			runOnlyForDeploymentPostprocessing = 0;
		};
		C1ADF2BA2775BCF4006877F3 /* Sources */ = {
			isa = PBXSourcesBuildPhase;
			buildActionMask = 2147483647;
			files = (
				C1ADF2C52775BCF4006877F3 /* PenGestureAppUITestsLaunchTests.swift in Sources */,
				C1ADF2C32775BCF4006877F3 /* PenGestureAppUITests.swift in Sources */,
			);
			runOnlyForDeploymentPostprocessing = 0;
		};
/* End PBXSourcesBuildPhase section */

/* Begin PBXTargetDependency section */
		C1ADF2B62775BCF4006877F3 /* PBXTargetDependency */ = {
			isa = PBXTargetDependency;
			target = C1ADF29D2775BCF2006877F3 /* PenGestureApp */;
			targetProxy = C1ADF2B52775BCF4006877F3 /* PBXContainerItemProxy */;
		};
		C1ADF2C02775BCF4006877F3 /* PBXTargetDependency */ = {
			isa = PBXTargetDependency;
			target = C1ADF29D2775BCF2006877F3 /* PenGestureApp */;
			targetProxy = C1ADF2BF2775BCF4006877F3 /* PBXContainerItemProxy */;
		};
/* End PBXTargetDependency section */

/* Begin PBXVariantGroup section */
		C1ADF2A72775BCF2006877F3 /* Main.storyboard */ = {
			isa = PBXVariantGroup;
			children = (
				C1ADF2A82775BCF2006877F3 /* Base */,
			);
			name = Main.storyboard;
			sourceTree = "<group>";
		};
		C1ADF2AC2775BCF4006877F3 /* LaunchScreen.storyboard */ = {
			isa = PBXVariantGroup;
			children = (
				C1ADF2AD2775BCF4006877F3 /* Base */,
			);
			name = LaunchScreen.storyboard;
			sourceTree = "<group>";
		};
/* End PBXVariantGroup section */

/* Begin XCBuildConfiguration section */
		C1ADF2C62775BCF4006877F3 /* Debug */ = {
			isa = XCBuildConfiguration;
			buildSettings = {
				ALWAYS_SEARCH_USER_PATHS = NO;
				CLANG_ANALYZER_NONNULL = YES;
				CLANG_ANALYZER_NUMBER_OBJECT_CONVERSION = YES_AGGRESSIVE;
				CLANG_CXX_LANGUAGE_STANDARD = "gnu++17";
				CLANG_CXX_LIBRARY = "libc++";
				CLANG_ENABLE_MODULES = YES;
				CLANG_ENABLE_OBJC_ARC = YES;
				CLANG_ENABLE_OBJC_WEAK = YES;
				CLANG_WARN_BLOCK_CAPTURE_AUTORELEASING = YES;
				CLANG_WARN_BOOL_CONVERSION = YES;
				CLANG_WARN_COMMA = YES;
				CLANG_WARN_CONSTANT_CONVERSION = YES;
				CLANG_WARN_DEPRECATED_OBJC_IMPLEMENTATIONS = YES;
				CLANG_WARN_DIRECT_OBJC_ISA_USAGE = YES_ERROR;
				CLANG_WARN_DOCUMENTATION_COMMENTS = YES;
				CLANG_WARN_EMPTY_BODY = YES;
				CLANG_WARN_ENUM_CONVERSION = YES;
				CLANG_WARN_INFINITE_RECURSION = YES;
				CLANG_WARN_INT_CONVERSION = YES;
				CLANG_WARN_NON_LITERAL_NULL_CONVERSION = YES;
				CLANG_WARN_OBJC_IMPLICIT_RETAIN_SELF = YES;
				CLANG_WARN_OBJC_LITERAL_CONVERSION = YES;
				CLANG_WARN_OBJC_ROOT_CLASS = YES_ERROR;
				CLANG_WARN_QUOTED_INCLUDE_IN_FRAMEWORK_HEADER = YES;
				CLANG_WARN_RANGE_LOOP_ANALYSIS = YES;
				CLANG_WARN_STRICT_PROTOTYPES = YES;
				CLANG_WARN_SUSPICIOUS_MOVE = YES;
				CLANG_WARN_UNGUARDED_AVAILABILITY = YES_AGGRESSIVE;
				CLANG_WARN_UNREACHABLE_CODE = YES;
				CLANG_WARN__DUPLICATE_METHOD_MATCH = YES;
				COPY_PHASE_STRIP = NO;
				DEBUG_INFORMATION_FORMAT = dwarf;
				ENABLE_STRICT_OBJC_MSGSEND = YES;
				ENABLE_TESTABILITY = YES;
				GCC_C_LANGUAGE_STANDARD = gnu11;
				GCC_DYNAMIC_NO_PIC = NO;
				GCC_NO_COMMON_BLOCKS = YES;
				GCC_OPTIMIZATION_LEVEL = 0;
				GCC_PREPROCESSOR_DEFINITIONS = (
					"DEBUG=1",
					"$(inherited)",
				);
				GCC_WARN_64_TO_32_BIT_CONVERSION = YES;
				GCC_WARN_ABOUT_RETURN_TYPE = YES_ERROR;
				GCC_WARN_UNDECLARED_SELECTOR = YES;
				GCC_WARN_UNINITIALIZED_AUTOS = YES_AGGRESSIVE;
				GCC_WARN_UNUSED_FUNCTION = YES;
				GCC_WARN_UNUSED_VARIABLE = YES;
				IPHONEOS_DEPLOYMENT_TARGET = 15.0;
				MTL_ENABLE_DEBUG_INFO = INCLUDE_SOURCE;
				MTL_FAST_MATH = YES;
				ONLY_ACTIVE_ARCH = YES;
				SDKROOT = iphoneos;
				SWIFT_ACTIVE_COMPILATION_CONDITIONS = DEBUG;
				SWIFT_OPTIMIZATION_LEVEL = "-Onone";
			};
			name = Debug;
		};
		C1ADF2C72775BCF4006877F3 /* Release */ = {
			isa = XCBuildConfiguration;
			buildSettings = {
				ALWAYS_SEARCH_USER_PATHS = NO;
				CLANG_ANALYZER_NONNULL = YES;
				CLANG_ANALYZER_NUMBER_OBJECT_CONVERSION = YES_AGGRESSIVE;
				CLANG_CXX_LANGUAGE_STANDARD = "gnu++17";
				CLANG_CXX_LIBRARY = "libc++";
				CLANG_ENABLE_MODULES = YES;
				CLANG_ENABLE_OBJC_ARC = YES;
				CLANG_ENABLE_OBJC_WEAK = YES;
				CLANG_WARN_BLOCK_CAPTURE_AUTORELEASING = YES;
				CLANG_WARN_BOOL_CONVERSION = YES;
				CLANG_WARN_COMMA = YES;
				CLANG_WARN_CONSTANT_CONVERSION = YES;
				CLANG_WARN_DEPRECATED_OBJC_IMPLEMENTATIONS = YES;
				CLANG_WARN_DIRECT_OBJC_ISA_USAGE = YES_ERROR;
				CLANG_WARN_DOCUMENTATION_COMMENTS = YES;
				CLANG_WARN_EMPTY_BODY = YES;
				CLANG_WARN_ENUM_CONVERSION = YES;
				CLANG_WARN_INFINITE_RECURSION = YES;
				CLANG_WARN_INT_CONVERSION = YES;
				CLANG_WARN_NON_LITERAL_NULL_CONVERSION = YES;
				CLANG_WARN_OBJC_IMPLICIT_RETAIN_SELF = YES;
				CLANG_WARN_OBJC_LITERAL_CONVERSION = YES;
				CLANG_WARN_OBJC_ROOT_CLASS = YES_ERROR;
				CLANG_WARN_QUOTED_INCLUDE_IN_FRAMEWORK_HEADER = YES;
				CLANG_WARN_RANGE_LOOP_ANALYSIS = YES;
				CLANG_WARN_STRICT_PROTOTYPES = YES;
				CLANG_WARN_SUSPICIOUS_MOVE = YES;
				CLANG_WARN_UNGUARDED_AVAILABILITY = YES_AGGRESSIVE;
				CLANG_WARN_UNREACHABLE_CODE = YES;
				CLANG_WARN__DUPLICATE_METHOD_MATCH = YES;
				COPY_PHASE_STRIP = NO;
				DEBUG_INFORMATION_FORMAT = "dwarf-with-dsym";
				ENABLE_NS_ASSERTIONS = NO;
				ENABLE_STRICT_OBJC_MSGSEND = YES;
				GCC_C_LANGUAGE_STANDARD = gnu11;
				GCC_NO_COMMON_BLOCKS = YES;
				GCC_WARN_64_TO_32_BIT_CONVERSION = YES;
				GCC_WARN_ABOUT_RETURN_TYPE = YES_ERROR;
				GCC_WARN_UNDECLARED_SELECTOR = YES;
				GCC_WARN_UNINITIALIZED_AUTOS = YES_AGGRESSIVE;
				GCC_WARN_UNUSED_FUNCTION = YES;
				GCC_WARN_UNUSED_VARIABLE = YES;
				IPHONEOS_DEPLOYMENT_TARGET = 15.0;
				MTL_ENABLE_DEBUG_INFO = NO;
				MTL_FAST_MATH = YES;
				SDKROOT = iphoneos;
				SWIFT_COMPILATION_MODE = wholemodule;
				SWIFT_OPTIMIZATION_LEVEL = "-O";
				VALIDATE_PRODUCT = YES;
			};
			name = Release;
		};
		C1ADF2C92775BCF4006877F3 /* Debug */ = {
			isa = XCBuildConfiguration;
			buildSettings = {
				ASSETCATALOG_COMPILER_APPICON_NAME = AppIcon;
				ASSETCATALOG_COMPILER_GLOBAL_ACCENT_COLOR_NAME = AccentColor;
				CODE_SIGN_STYLE = Automatic;
				CURRENT_PROJECT_VERSION = 1;
				DEVELOPMENT_TEAM = KL2HAQ9H72;
				GENERATE_INFOPLIST_FILE = YES;
				INFOPLIST_FILE = PenGestureApp/Info.plist;
				INFOPLIST_KEY_UIApplicationSupportsIndirectInputEvents = YES;
				INFOPLIST_KEY_UILaunchStoryboardName = LaunchScreen;
				INFOPLIST_KEY_UIMainStoryboardFile = Main;
				INFOPLIST_KEY_UISupportedInterfaceOrientations_iPad = "UIInterfaceOrientationPortrait UIInterfaceOrientationPortraitUpsideDown UIInterfaceOrientationLandscapeLeft UIInterfaceOrientationLandscapeRight";
				INFOPLIST_KEY_UISupportedInterfaceOrientations_iPhone = "UIInterfaceOrientationPortrait UIInterfaceOrientationLandscapeLeft UIInterfaceOrientationLandscapeRight";
				LD_RUNPATH_SEARCH_PATHS = (
					"$(inherited)",
					"@executable_path/Frameworks",
				);
				MARKETING_VERSION = 1.0;
				PRODUCT_BUNDLE_IDENTIFIER = practice.PenGestureApp;
				PRODUCT_NAME = "$(TARGET_NAME)";
				SWIFT_EMIT_LOC_STRINGS = YES;
				SWIFT_VERSION = 5.0;
				TARGETED_DEVICE_FAMILY = "1,2";
			};
			name = Debug;
		};
		C1ADF2CA2775BCF4006877F3 /* Release */ = {
			isa = XCBuildConfiguration;
			buildSettings = {
				ASSETCATALOG_COMPILER_APPICON_NAME = AppIcon;
				ASSETCATALOG_COMPILER_GLOBAL_ACCENT_COLOR_NAME = AccentColor;
				CODE_SIGN_STYLE = Automatic;
				CURRENT_PROJECT_VERSION = 1;
				DEVELOPMENT_TEAM = KL2HAQ9H72;
				GENERATE_INFOPLIST_FILE = YES;
				INFOPLIST_FILE = PenGestureApp/Info.plist;
				INFOPLIST_KEY_UIApplicationSupportsIndirectInputEvents = YES;
				INFOPLIST_KEY_UILaunchStoryboardName = LaunchScreen;
				INFOPLIST_KEY_UIMainStoryboardFile = Main;
				INFOPLIST_KEY_UISupportedInterfaceOrientations_iPad = "UIInterfaceOrientationPortrait UIInterfaceOrientationPortraitUpsideDown UIInterfaceOrientationLandscapeLeft UIInterfaceOrientationLandscapeRight";
				INFOPLIST_KEY_UISupportedInterfaceOrientations_iPhone = "UIInterfaceOrientationPortrait UIInterfaceOrientationLandscapeLeft UIInterfaceOrientationLandscapeRight";
				LD_RUNPATH_SEARCH_PATHS = (
					"$(inherited)",
					"@executable_path/Frameworks",
				);
				MARKETING_VERSION = 1.0;
				PRODUCT_BUNDLE_IDENTIFIER = practice.PenGestureApp;
				PRODUCT_NAME = "$(TARGET_NAME)";
				SWIFT_EMIT_LOC_STRINGS = YES;
				SWIFT_VERSION = 5.0;
				TARGETED_DEVICE_FAMILY = "1,2";
			};
			name = Release;
		};
		C1ADF2CC2775BCF4006877F3 /* Debug */ = {
			isa = XCBuildConfiguration;
			buildSettings = {
				ALWAYS_EMBED_SWIFT_STANDARD_LIBRARIES = YES;
				BUNDLE_LOADER = "$(TEST_HOST)";
				CODE_SIGN_STYLE = Automatic;
				CURRENT_PROJECT_VERSION = 1;
				DEVELOPMENT_TEAM = KL2HAQ9H72;
				GENERATE_INFOPLIST_FILE = YES;
				IPHONEOS_DEPLOYMENT_TARGET = 15.0;
				LD_RUNPATH_SEARCH_PATHS = (
					"$(inherited)",
					"@executable_path/Frameworks",
					"@loader_path/Frameworks",
				);
				MARKETING_VERSION = 1.0;
				PRODUCT_BUNDLE_IDENTIFIER = practice.PenGestureAppTests;
				PRODUCT_NAME = "$(TARGET_NAME)";
				SWIFT_EMIT_LOC_STRINGS = NO;
				SWIFT_VERSION = 5.0;
				TARGETED_DEVICE_FAMILY = "1,2";
				TEST_HOST = "$(BUILT_PRODUCTS_DIR)/PenGestureApp.app/PenGestureApp";
			};
			name = Debug;
		};
		C1ADF2CD2775BCF4006877F3 /* Release */ = {
			isa = XCBuildConfiguration;
			buildSettings = {
				ALWAYS_EMBED_SWIFT_STANDARD_LIBRARIES = YES;
				BUNDLE_LOADER = "$(TEST_HOST)";
				CODE_SIGN_STYLE = Automatic;
				CURRENT_PROJECT_VERSION = 1;
				DEVELOPMENT_TEAM = KL2HAQ9H72;
				GENERATE_INFOPLIST_FILE = YES;
				IPHONEOS_DEPLOYMENT_TARGET = 15.0;
				LD_RUNPATH_SEARCH_PATHS = (
					"$(inherited)",
					"@executable_path/Frameworks",
					"@loader_path/Frameworks",
				);
				MARKETING_VERSION = 1.0;
				PRODUCT_BUNDLE_IDENTIFIER = practice.PenGestureAppTests;
				PRODUCT_NAME = "$(TARGET_NAME)";
				SWIFT_EMIT_LOC_STRINGS = NO;
				SWIFT_VERSION = 5.0;
				TARGETED_DEVICE_FAMILY = "1,2";
				TEST_HOST = "$(BUILT_PRODUCTS_DIR)/PenGestureApp.app/PenGestureApp";
			};
			name = Release;
		};
		C1ADF2CF2775BCF4006877F3 /* Debug */ = {
			isa = XCBuildConfiguration;
			buildSettings = {
				ALWAYS_EMBED_SWIFT_STANDARD_LIBRARIES = YES;
				CODE_SIGN_STYLE = Automatic;
				CURRENT_PROJECT_VERSION = 1;
				DEVELOPMENT_TEAM = KL2HAQ9H72;
				GENERATE_INFOPLIST_FILE = YES;
				LD_RUNPATH_SEARCH_PATHS = (
					"$(inherited)",
					"@executable_path/Frameworks",
					"@loader_path/Frameworks",
				);
				MARKETING_VERSION = 1.0;
				PRODUCT_BUNDLE_IDENTIFIER = practice.PenGestureAppUITests;
				PRODUCT_NAME = "$(TARGET_NAME)";
				SWIFT_EMIT_LOC_STRINGS = NO;
				SWIFT_VERSION = 5.0;
				TARGETED_DEVICE_FAMILY = "1,2";
				TEST_TARGET_NAME = PenGestureApp;
			};
			name = Debug;
		};
		C1ADF2D02775BCF4006877F3 /* Release */ = {
			isa = XCBuildConfiguration;
			buildSettings = {
				ALWAYS_EMBED_SWIFT_STANDARD_LIBRARIES = YES;
				CODE_SIGN_STYLE = Automatic;
				CURRENT_PROJECT_VERSION = 1;
				DEVELOPMENT_TEAM = KL2HAQ9H72;
				GENERATE_INFOPLIST_FILE = YES;
				LD_RUNPATH_SEARCH_PATHS = (
					"$(inherited)",
					"@executable_path/Frameworks",
					"@loader_path/Frameworks",
				);
				MARKETING_VERSION = 1.0;
				PRODUCT_BUNDLE_IDENTIFIER = practice.PenGestureAppUITests;
				PRODUCT_NAME = "$(TARGET_NAME)";
				SWIFT_EMIT_LOC_STRINGS = NO;
				SWIFT_VERSION = 5.0;
				TARGETED_DEVICE_FAMILY = "1,2";
				TEST_TARGET_NAME = PenGestureApp;
			};
			name = Release;
		};
/* End XCBuildConfiguration section */

/* Begin XCConfigurationList section */
		C1ADF2992775BCF2006877F3 /* Build configuration list for PBXProject "PenGestureApp" */ = {
			isa = XCConfigurationList;
			buildConfigurations = (
				C1ADF2C62775BCF4006877F3 /* Debug */,
				C1ADF2C72775BCF4006877F3 /* Release */,
			);
			defaultConfigurationIsVisible = 0;
			defaultConfigurationName = Release;
		};
		C1ADF2C82775BCF4006877F3 /* Build configuration list for PBXNativeTarget "PenGestureApp" */ = {
			isa = XCConfigurationList;
			buildConfigurations = (
				C1ADF2C92775BCF4006877F3 /* Debug */,
				C1ADF2CA2775BCF4006877F3 /* Release */,
			);
			defaultConfigurationIsVisible = 0;
			defaultConfigurationName = Release;
		};
		C1ADF2CB2775BCF4006877F3 /* Build configuration list for PBXNativeTarget "PenGestureAppTests" */ = {
			isa = XCConfigurationList;
			buildConfigurations = (
				C1ADF2CC2775BCF4006877F3 /* Debug */,
				C1ADF2CD2775BCF4006877F3 /* Release */,
			);
			defaultConfigurationIsVisible = 0;
			defaultConfigurationName = Release;
		};
		C1ADF2CE2775BCF4006877F3 /* Build configuration list for PBXNativeTarget "PenGestureAppUITests" */ = {
			isa = XCConfigurationList;
			buildConfigurations = (
				C1ADF2CF2775BCF4006877F3 /* Debug */,
				C1ADF2D02775BCF4006877F3 /* Release */,
			);
			defaultConfigurationIsVisible = 0;
			defaultConfigurationName = Release;
		};
/* End XCConfigurationList section */
	};
	rootObject = C1ADF2962775BCF2006877F3 /* Project object */;
}
